
Microsoft Visual Studio Solution File, Format Version 12.00
# Visual Studio Version 16
VisualStudioVersion = 16.0.32126.315
MinimumVisualStudioVersion = 10.0.40219.1
Project("{FAE04EC0-301F-11D3-BF4B-00C04F79EFBC}") = "BetterReform", "BetterReform\BetterReform.csproj", "{DBE2D784-32AE-4B54-8591-695AA198A05F}"
EndProject
Global
	GlobalSection(SolutionConfigurationPlatforms) = preSolution
		Debug|Any CPU = Debug|Any CPU
		Release|Any CPU = Release|Any CPU
	EndGlobalSection
	GlobalSection(ProjectConfigurationPlatforms) = postSolution
		{DBE2D784-32AE-4B54-8591-695AA198A05F}.Debug|Any CPU.ActiveCfg = Debug|Any CPU
		{DBE2D784-32AE-4B54-8591-695AA198A05F}.Debug|Any CPU.Build.0 = Debug|Any CPU
		{DBE2D784-32AE-4B54-8591-695AA198A05F}.Release|Any CPU.ActiveCfg = Release|Any CPU
		{DBE2D784-32AE-4B54-8591-695AA198A05F}.Release|Any CPU.Build.0 = Release|Any CPU
	EndGlobalSection
	GlobalSection(SolutionProperties) = preSolution
		HideSolutionNode = FALSE
	EndGlobalSection
	GlobalSection(ExtensibilityGlobals) = postSolution
		SolutionGuid = {57749479-CE2B-4BB6-B46B-17D8BC1751D2}
	EndGlobalSection
EndGlobal
